<Solution>
  <Folder Name="/Core/">
    <Project Path="Core/SkolSync.Core.csproj" />
  </Folder>
  <Folder Name="/test/" />
  <Folder Name="/test/Core/">
    <Project Path="test/Core/SkolSync.Core.Tests.csproj" />
  </Folder>
  <Folder Name="/zstlum/">
    <Project Path="zstlum/BakaDB/BakaDB.csproj" />
  </Folder>
</Solution>
